# This file is autogenerated, do not edit; changes may be undone by the next 'dep ensure'.


[[projects]]
  branch = "master"
  name = "github.com/vrischmann/envconfig"
  packages = ["."]
  revision = "757beaaeac8d14bcc7ea3f71488d65cf45cf2eff"

[solve-meta]
  analyzer-name = "dep"
  analyzer-version = 1
  inputs-digest = "0ea1f19a4797aaaa9a89dc6f4cef137a7347a74c25feddee2dff8e7e27640a1c"
  solver-name = "gps-cdcl"
  solver-version = 1
